lockfileVersion: '9.0'

settings:
  autoInstallPeers: true
  excludeLinksFromLockfile: false

importers:

  .:
    dependencies:
      cobe:
        specifier: ^2.0.1
        version: 2.0.1
      three:
        specifier: 0.186.1
        version: 0.186.1

packages:

  cobe@2.0.1:
    resolution: {integrity: sha512-aaa6vcIlaC8C1SF50LDH0Anybo/EAXnrxqe+bwvr4+YUtZydqjeBjTTD7ziCCkbRrRGSns3I3F6cZsf3W+L+ag==}

  three@0.186.1:
    resolution: {integrity: sha512-blFeqb49wRCSGUGj7gtpfnSGHy2lwDk94RhUmS1c/hTby70kvChbWpkJ4Pm1390LqzzvTmzgXKHPEafJwCb8jA==}

snapshots:

  cobe@2.0.1: {}

  three@0.186.1: {}
